{
  "name": "frypto",
  "version": "0.1.0",
  "lockfileVersion": 1,
  "requires": true,
  "dependencies": {
    "electron-modal": {
      "version": "1.0.0",
      "resolved": "https://registry.npmjs.org/electron-modal/-/electron-modal-1.0.0.tgz",
      "integrity": "sha1-NZEATQjg+DJ2pydN5MHdQyDTc/c=",
      "requires": {
        "is-electron-renderer": "2.0.1"
      }
    },
    "is-electron-renderer": {
      "version": "2.0.1",
      "resolved": "https://registry.npmjs.org/is-electron-renderer/-/is-electron-renderer-2.0.1.tgz",
      "integrity": "sha1-pGnQVvl1aXxYyYxgI+sKp5r4laI="
    }
  }
}
